
Microsoft Visual Studio Solution File, Format Version 12.00
# Visual Studio 15
VisualStudioVersion = 15.0.27004.2009
MinimumVisualStudioVersion = 10.0.40219.1
Project("{9A19103F-16F7-4668-BE54-9A1E7A4F7556}") = "WebApplication4", "WebApplication4\WebApplication4.csproj", "{5FCA1924-C207-4464-A1FB-C03EA8D3DADF}"
EndProject
Global
	GlobalSection(SolutionConfigurationPlatforms) = preSolution
		Debug|Any CPU = Debug|Any CPU
		Release|Any CPU = Release|Any CPU
	EndGlobalSection
	GlobalSection(ProjectConfigurationPlatforms) = postSolution
		{5FCA1924-C207-4464-A1FB-C03EA8D3DADF}.Debug|Any CPU.ActiveCfg = Debug|Any CPU
		{5FCA1924-C207-4464-A1FB-C03EA8D3DADF}.Debug|Any CPU.Build.0 = Debug|Any CPU
		{5FCA1924-C207-4464-A1FB-C03EA8D3DADF}.Release|Any CPU.ActiveCfg = Release|Any CPU
		{5FCA1924-C207-4464-A1FB-C03EA8D3DADF}.Release|Any CPU.Build.0 = Release|Any CPU
	EndGlobalSection
	GlobalSection(SolutionProperties) = preSolution
		HideSolutionNode = FALSE
	EndGlobalSection
	GlobalSection(ExtensibilityGlobals) = postSolution
		SolutionGuid = {0013229A-1293-4823-8082-29CCA736AAEE}
	EndGlobalSection
EndGlobal
